// !$*UTF8*$!
{
	archiveVersion = 1;
	classes = {
	};
	objectVersion = 46;
	objects = {

/* Begin PBXBuildFile section */
		55CBB1EE718212FCD3B5197B /* Pods_alzari.framework in Frameworks */ = {isa = PBXBuildFile; fileRef = 6FCAD823ED72A1DAEB7180FC /* Pods_alzari.framework */; };
		5F0FD9F006C6B0E96E03D72C /* Pods_alzariUITests.framework in Frameworks */ = {isa = PBXBuildFile; fileRef = 486CB8125431E87B2C7C1C2B /* Pods_alzariUITests.framework */; };
		D780155D320A68BDE310724B /* Pods_alzariTests.framework in Frameworks */ = {isa = PBXBuildFile; fileRef = E346D766BBF643F2DF124AF5 /* Pods_alzariTests.framework */; };
		F133FCEF1F470BDC00A05094 /* Video.swift in Sources */ = {isa = PBXBuildFile; fileRef = F133FCEE1F470BDC00A05094 /* Video.swift */; };
		F133FCF11F4727CF00A05094 /* FavController.swift in Sources */ = {isa = PBXBuildFile; fileRef = F133FCF01F4727CF00A05094 /* FavController.swift */; };
		F133FCF31F472A3600A05094 /* FavTableViewCell.swift in Sources */ = {isa = PBXBuildFile; fileRef = F133FCF21F472A3600A05094 /* FavTableViewCell.swift */; };
		F1A90D331F3EE051002B05A3 /* TableViewCell.swift in Sources */ = {isa = PBXBuildFile; fileRef = F1A90D321F3EE051002B05A3 /* TableViewCell.swift */; };
		F1A90D351F3F016A002B05A3 /* KidsGame.ttf in Resources */ = {isa = PBXBuildFile; fileRef = F1A90D341F3F016A002B05A3 /* KidsGame.ttf */; };
		F1A90D371F3F047A002B05A3 /* CookieMonster.ttf in Resources */ = {isa = PBXBuildFile; fileRef = F1A90D361F3F047A002B05A3 /* CookieMonster.ttf */; };
		F1A90D391F3F12A6002B05A3 /* Asparagus Sprouts.ttf in Resources */ = {isa = PBXBuildFile; fileRef = F1A90D381F3F12A6002B05A3 /* Asparagus Sprouts.ttf */; };
		F1A90D3B1F3F153D002B05A3 /* back.jpg in Resources */ = {isa = PBXBuildFile; fileRef = F1A90D3A1F3F153D002B05A3 /* back.jpg */; };
		F1A90D3D1F3F2F45002B05A3 /* bg.jpg in Resources */ = {isa = PBXBuildFile; fileRef = F1A90D3C1F3F2F45002B05A3 /* bg.jpg */; };
		F1B5E3121F3DC07A00838F40 /* AppDelegate.swift in Sources */ = {isa = PBXBuildFile; fileRef = F1B5E3111F3DC07A00838F40 /* AppDelegate.swift */; };
		F1B5E3141F3DC07A00838F40 /* ViewController.swift in Sources */ = {isa = PBXBuildFile; fileRef = F1B5E3131F3DC07A00838F40 /* ViewController.swift */; };
		F1B5E3171F3DC07A00838F40 /* Main.storyboard in Resources */ = {isa = PBXBuildFile; fileRef = F1B5E3151F3DC07A00838F40 /* Main.storyboard */; };
		F1B5E3191F3DC07A00838F40 /* Assets.xcassets in Resources */ = {isa = PBXBuildFile; fileRef = F1B5E3181F3DC07A00838F40 /* Assets.xcassets */; };
		F1B5E31C1F3DC07A00838F40 /* LaunchScreen.storyboard in Resources */ = {isa = PBXBuildFile; fileRef = F1B5E31A1F3DC07A00838F40 /* LaunchScreen.storyboard */; };
		F1B5E3271F3DC07A00838F40 /* alzariTests.swift in Sources */ = {isa = PBXBuildFile; fileRef = F1B5E3261F3DC07A00838F40 /* alzariTests.swift */; };
		F1B5E3321F3DC07B00838F40 /* alzariUITests.swift in Sources */ = {isa = PBXBuildFile; fileRef = F1B5E3311F3DC07B00838F40 /* alzariUITests.swift */; };
		F1B5E3401F3DC13300838F40 /* GoogleService-Info.plist in Resources */ = {isa = PBXBuildFile; fileRef = F1B5E33F1F3DC13300838F40 /* GoogleService-Info.plist */; };
		F1B5E3461F3DE87C00838F40 /* ViewController1.swift in Sources */ = {isa = PBXBuildFile; fileRef = F1B5E3451F3DE87C00838F40 /* ViewController1.swift */; };
		F1B5E3481F3DF57500838F40 /* ViewController2.swift in Sources */ = {isa = PBXBuildFile; fileRef = F1B5E3471F3DF57500838F40 /* ViewController2.swift */; };
		F1E1194C1F40CCC200459955 /* intro1.jpg in Resources */ = {isa = PBXBuildFile; fileRef = F1E1194B1F40CCC200459955 /* intro1.jpg */; };
		F1E119541F414F7C00459955 /* DesignableUITextField.swift in Sources */ = {isa = PBXBuildFile; fileRef = F1E119531F414F7C00459955 /* DesignableUITextField.swift */; };
		F1E119561F4151BA00459955 /* mother.png in Resources */ = {isa = PBXBuildFile; fileRef = F1E119551F4151BA00459955 /* mother.png */; };
		F1E119581F41540D00459955 /* pass.png in Resources */ = {isa = PBXBuildFile; fileRef = F1E119571F41540D00459955 /* pass.png */; };
		F1E1195B1F47077C00459955 /* myWifi.swift in Sources */ = {isa = PBXBuildFile; fileRef = F1E1195A1F47077C00459955 /* myWifi.swift */; };
		F1E5D9CF1F47719100580E63 /* ArchiveUtil.swift in Sources */ = {isa = PBXBuildFile; fileRef = F1E5D9CE1F47719100580E63 /* ArchiveUtil.swift */; };
		F1E5D9D11F48396900580E63 /* youtubeControllerViewController.swift in Sources */ = {isa = PBXBuildFile; fileRef = F1E5D9D01F48396900580E63 /* youtubeControllerViewController.swift */; };
/* End PBXBuildFile section */

/* Begin PBXContainerItemProxy section */
		F1B5E3231F3DC07A00838F40 /* PBXContainerItemProxy */ = {
			isa = PBXContainerItemProxy;
			containerPortal = F1B5E3061F3DC07A00838F40 /* Project object */;
			proxyType = 1;
			remoteGlobalIDString = F1B5E30D1F3DC07A00838F40;
			remoteInfo = alzari;
		};
		F1B5E32E1F3DC07B00838F40 /* PBXContainerItemProxy */ = {
			isa = PBXContainerItemProxy;
			containerPortal = F1B5E3061F3DC07A00838F40 /* Project object */;
			proxyType = 1;
			remoteGlobalIDString = F1B5E30D1F3DC07A00838F40;
			remoteInfo = alzari;
		};
/* End PBXContainerItemProxy section */

/* Begin PBXFileReference section */
		264DC91D7F50A5D25B59CC4D /* Pods-alzariTests.debug.xcconfig */ = {isa = PBXFileReference; includeInIndex = 1; lastKnownFileType = text.xcconfig; name = "Pods-alzariTests.debug.xcconfig"; path = "Pods/Target Support Files/Pods-alzariTests/Pods-alzariTests.debug.xcconfig"; sourceTree = "<group>"; };
		486CB8125431E87B2C7C1C2B /* Pods_alzariUITests.framework */ = {isa = PBXFileReference; explicitFileType = wrapper.framework; includeInIndex = 0; path = Pods_alzariUITests.framework; sourceTree = BUILT_PRODUCTS_DIR; };
		6B9B4513A98F595FA3CE1852 /* Pods-alzariUITests.release.xcconfig */ = {isa = PBXFileReference; includeInIndex = 1; lastKnownFileType = text.xcconfig; name = "Pods-alzariUITests.release.xcconfig"; path = "Pods/Target Support Files/Pods-alzariUITests/Pods-alzariUITests.release.xcconfig"; sourceTree = "<group>"; };
		6FCAD823ED72A1DAEB7180FC /* Pods_alzari.framework */ = {isa = PBXFileReference; explicitFileType = wrapper.framework; includeInIndex = 0; path = Pods_alzari.framework; sourceTree = BUILT_PRODUCTS_DIR; };
		74C9EA0E2BDAF74F8E380932 /* Pods-alzariUITests.debug.xcconfig */ = {isa = PBXFileReference; includeInIndex = 1; lastKnownFileType = text.xcconfig; name = "Pods-alzariUITests.debug.xcconfig"; path = "Pods/Target Support Files/Pods-alzariUITests/Pods-alzariUITests.debug.xcconfig"; sourceTree = "<group>"; };
		77D1F8646BA3A68923E0736D /* Pods-alzariTests.release.xcconfig */ = {isa = PBXFileReference; includeInIndex = 1; lastKnownFileType = text.xcconfig; name = "Pods-alzariTests.release.xcconfig"; path = "Pods/Target Support Files/Pods-alzariTests/Pods-alzariTests.release.xcconfig"; sourceTree = "<group>"; };
		D33FB063855F9AFB05E90BE2 /* Pods-alzari.release.xcconfig */ = {isa = PBXFileReference; includeInIndex = 1; lastKnownFileType = text.xcconfig; name = "Pods-alzari.release.xcconfig"; path = "Pods/Target Support Files/Pods-alzari/Pods-alzari.release.xcconfig"; sourceTree = "<group>"; };
		E13868ED6D4DD70BE9BD5DB3 /* Pods-alzari.debug.xcconfig */ = {isa = PBXFileReference; includeInIndex = 1; lastKnownFileType = text.xcconfig; name = "Pods-alzari.debug.xcconfig"; path = "Pods/Target Support Files/Pods-alzari/Pods-alzari.debug.xcconfig"; sourceTree = "<group>"; };
		E346D766BBF643F2DF124AF5 /* Pods_alzariTests.framework */ = {isa = PBXFileReference; explicitFileType = wrapper.framework; includeInIndex = 0; path = Pods_alzariTests.framework; sourceTree = BUILT_PRODUCTS_DIR; };
		F133FCEE1F470BDC00A05094 /* Video.swift */ = {isa = PBXFileReference; fileEncoding = 4; lastKnownFileType = sourcecode.swift; name = Video.swift; path = ../Video.swift; sourceTree = "<group>"; };
		F133FCF01F4727CF00A05094 /* FavController.swift */ = {isa = PBXFileReference; fileEncoding = 4; lastKnownFileType = sourcecode.swift; path = FavController.swift; sourceTree = "<group>"; };
		F133FCF21F472A3600A05094 /* FavTableViewCell.swift */ = {isa = PBXFileReference; fileEncoding = 4; lastKnownFileType = sourcecode.swift; path = FavTableViewCell.swift; sourceTree = "<group>"; };
		F1A90D321F3EE051002B05A3 /* TableViewCell.swift */ = {isa = PBXFileReference; fileEncoding = 4; lastKnownFileType = sourcecode.swift; path = TableViewCell.swift; sourceTree = "<group>"; };
		F1A90D341F3F016A002B05A3 /* KidsGame.ttf */ = {isa = PBXFileReference; lastKnownFileType = file; path = KidsGame.ttf; sourceTree = "<group>"; };
		F1A90D361F3F047A002B05A3 /* CookieMonster.ttf */ = {isa = PBXFileReference; lastKnownFileType = file; path = CookieMonster.ttf; sourceTree = "<group>"; };
		F1A90D381F3F12A6002B05A3 /* Asparagus Sprouts.ttf */ = {isa = PBXFileReference; lastKnownFileType = file; path = "Asparagus Sprouts.ttf"; sourceTree = "<group>"; };
		F1A90D3A1F3F153D002B05A3 /* back.jpg */ = {isa = PBXFileReference; lastKnownFileType = image.jpeg; path = back.jpg; sourceTree = "<group>"; };
		F1A90D3C1F3F2F45002B05A3 /* bg.jpg */ = {isa = PBXFileReference; lastKnownFileType = image.jpeg; path = bg.jpg; sourceTree = "<group>"; };
		F1B5E30E1F3DC07A00838F40 /* alzari.app */ = {isa = PBXFileReference; explicitFileType = wrapper.application; includeInIndex = 0; path = alzari.app; sourceTree = BUILT_PRODUCTS_DIR; };
		F1B5E3111F3DC07A00838F40 /* AppDelegate.swift */ = {isa = PBXFileReference; lastKnownFileType = sourcecode.swift; path = AppDelegate.swift; sourceTree = "<group>"; };
		F1B5E3131F3DC07A00838F40 /* ViewController.swift */ = {isa = PBXFileReference; lastKnownFileType = sourcecode.swift; path = ViewController.swift; sourceTree = "<group>"; };
		F1B5E3161F3DC07A00838F40 /* Base */ = {isa = PBXFileReference; lastKnownFileType = file.storyboard; name = Base; path = Base.lproj/Main.storyboard; sourceTree = "<group>"; };
		F1B5E3181F3DC07A00838F40 /* Assets.xcassets */ = {isa = PBXFileReference; lastKnownFileType = folder.assetcatalog; path = Assets.xcassets; sourceTree = "<group>"; };
		F1B5E31B1F3DC07A00838F40 /* Base */ = {isa = PBXFileReference; lastKnownFileType = file.storyboard; name = Base; path = Base.lproj/LaunchScreen.storyboard; sourceTree = "<group>"; };
		F1B5E31D1F3DC07A00838F40 /* Info.plist */ = {isa = PBXFileReference; lastKnownFileType = text.plist.xml; path = Info.plist; sourceTree = "<group>"; };
		F1B5E3221F3DC07A00838F40 /* alzariTests.xctest */ = {isa = PBXFileReference; explicitFileType = wrapper.cfbundle; includeInIndex = 0; path = alzariTests.xctest; sourceTree = BUILT_PRODUCTS_DIR; };
		F1B5E3261F3DC07A00838F40 /* alzariTests.swift */ = {isa = PBXFileReference; lastKnownFileType = sourcecode.swift; path = alzariTests.swift; sourceTree = "<group>"; };
		F1B5E3281F3DC07B00838F40 /* Info.plist */ = {isa = PBXFileReference; lastKnownFileType = text.plist.xml; path = Info.plist; sourceTree = "<group>"; };
		F1B5E32D1F3DC07B00838F40 /* alzariUITests.xctest */ = {isa = PBXFileReference; explicitFileType = wrapper.cfbundle; includeInIndex = 0; path = alzariUITests.xctest; sourceTree = BUILT_PRODUCTS_DIR; };
		F1B5E3311F3DC07B00838F40 /* alzariUITests.swift */ = {isa = PBXFileReference; lastKnownFileType = sourcecode.swift; path = alzariUITests.swift; sourceTree = "<group>"; };
		F1B5E3331F3DC07B00838F40 /* Info.plist */ = {isa = PBXFileReference; lastKnownFileType = text.plist.xml; path = Info.plist; sourceTree = "<group>"; };
		F1B5E33F1F3DC13300838F40 /* GoogleService-Info.plist */ = {isa = PBXFileReference; fileEncoding = 4; lastKnownFileType = text.plist.xml; path = "GoogleService-Info.plist"; sourceTree = "<group>"; };
		F1B5E3451F3DE87C00838F40 /* ViewController1.swift */ = {isa = PBXFileReference; fileEncoding = 4; lastKnownFileType = sourcecode.swift; path = ViewController1.swift; sourceTree = "<group>"; };
		F1B5E3471F3DF57500838F40 /* ViewController2.swift */ = {isa = PBXFileReference; fileEncoding = 4; lastKnownFileType = sourcecode.swift; path = ViewController2.swift; sourceTree = "<group>"; };
		F1E1194B1F40CCC200459955 /* intro1.jpg */ = {isa = PBXFileReference; lastKnownFileType = image.jpeg; path = intro1.jpg; sourceTree = "<group>"; };
		F1E119531F414F7C00459955 /* DesignableUITextField.swift */ = {isa = PBXFileReference; fileEncoding = 4; lastKnownFileType = sourcecode.swift; path = DesignableUITextField.swift; sourceTree = "<group>"; };
		F1E119551F4151BA00459955 /* mother.png */ = {isa = PBXFileReference; lastKnownFileType = image.png; path = mother.png; sourceTree = "<group>"; };
		F1E119571F41540D00459955 /* pass.png */ = {isa = PBXFileReference; lastKnownFileType = image.png; path = pass.png; sourceTree = "<group>"; };
		F1E1195A1F47077C00459955 /* myWifi.swift */ = {isa = PBXFileReference; fileEncoding = 4; lastKnownFileType = sourcecode.swift; path = myWifi.swift; sourceTree = "<group>"; };
		F1E5D9CE1F47719100580E63 /* ArchiveUtil.swift */ = {isa = PBXFileReference; fileEncoding = 4; lastKnownFileType = sourcecode.swift; path = ArchiveUtil.swift; sourceTree = "<group>"; };
		F1E5D9D01F48396900580E63 /* youtubeControllerViewController.swift */ = {isa = PBXFileReference; fileEncoding = 4; lastKnownFileType = sourcecode.swift; path = youtubeControllerViewController.swift; sourceTree = "<group>"; };
		F1E5D9D21F483CAE00580E63 /* YouTubePlayer.framework */ = {isa = PBXFileReference; lastKnownFileType = wrapper.framework; name = YouTubePlayer.framework; path = "../../../../Library/Developer/Xcode/DerivedData/alzari-dhoobriseeqvlwcvywcblyieyugq/Build/Products/Debug-iphonesimulator/YouTubePlayer/YouTubePlayer.framework"; sourceTree = "<group>"; };
/* End PBXFileReference section */

/* Begin PBXFrameworksBuildPhase section */
		F1B5E30B1F3DC07A00838F40 /* Frameworks */ = {
			isa = PBXFrameworksBuildPhase;
			buildActionMask = 2147483647;
			files = (
				55CBB1EE718212FCD3B5197B /* Pods_alzari.framework in Frameworks */,
			);
			runOnlyForDeploymentPostprocessing = 0;
		};
		F1B5E31F1F3DC07A00838F40 /* Frameworks */ = {
			isa = PBXFrameworksBuildPhase;
			buildActionMask = 2147483647;
			files = (
				D780155D320A68BDE310724B /* Pods_alzariTests.framework in Frameworks */,
			);
			runOnlyForDeploymentPostprocessing = 0;
		};
		F1B5E32A1F3DC07B00838F40 /* Frameworks */ = {
			isa = PBXFrameworksBuildPhase;
			buildActionMask = 2147483647;
			files = (
				5F0FD9F006C6B0E96E03D72C /* Pods_alzariUITests.framework in Frameworks */,
			);
			runOnlyForDeploymentPostprocessing = 0;
		};
/* End PBXFrameworksBuildPhase section */

/* Begin PBXGroup section */
		08AAE83F5EF3E824591C9F41 /* Frameworks */ = {
			isa = PBXGroup;
			children = (
				F1E5D9D21F483CAE00580E63 /* YouTubePlayer.framework */,
				6FCAD823ED72A1DAEB7180FC /* Pods_alzari.framework */,
				E346D766BBF643F2DF124AF5 /* Pods_alzariTests.framework */,
				486CB8125431E87B2C7C1C2B /* Pods_alzariUITests.framework */,
			);
			name = Frameworks;
			sourceTree = "<group>";
		};
		79A96319221676418DD1283D /* Pods */ = {
			isa = PBXGroup;
			children = (
				E13868ED6D4DD70BE9BD5DB3 /* Pods-alzari.debug.xcconfig */,
				D33FB063855F9AFB05E90BE2 /* Pods-alzari.release.xcconfig */,
				264DC91D7F50A5D25B59CC4D /* Pods-alzariTests.debug.xcconfig */,
				77D1F8646BA3A68923E0736D /* Pods-alzariTests.release.xcconfig */,
				74C9EA0E2BDAF74F8E380932 /* Pods-alzariUITests.debug.xcconfig */,
				6B9B4513A98F595FA3CE1852 /* Pods-alzariUITests.release.xcconfig */,
			);
			name = Pods;
			sourceTree = "<group>";
		};
		F1B5E3051F3DC07A00838F40 = {
			isa = PBXGroup;
			children = (
				F1B5E3101F3DC07A00838F40 /* alzari */,
				F1B5E3251F3DC07A00838F40 /* alzariTests */,
				F1B5E3301F3DC07B00838F40 /* alzariUITests */,
				F1B5E30F1F3DC07A00838F40 /* Products */,
				79A96319221676418DD1283D /* Pods */,
				08AAE83F5EF3E824591C9F41 /* Frameworks */,
			);
			sourceTree = "<group>";
		};
		F1B5E30F1F3DC07A00838F40 /* Products */ = {
			isa = PBXGroup;
			children = (
				F1B5E30E1F3DC07A00838F40 /* alzari.app */,
				F1B5E3221F3DC07A00838F40 /* alzariTests.xctest */,
				F1B5E32D1F3DC07B00838F40 /* alzariUITests.xctest */,
			);
			name = Products;
			sourceTree = "<group>";
		};
		F1B5E3101F3DC07A00838F40 /* alzari */ = {
			isa = PBXGroup;
			children = (
				F133FCEE1F470BDC00A05094 /* Video.swift */,
				F1E1195A1F47077C00459955 /* myWifi.swift */,
				F1E119571F41540D00459955 /* pass.png */,
				F1E119551F4151BA00459955 /* mother.png */,
				F1E1194B1F40CCC200459955 /* intro1.jpg */,
				F1A90D3C1F3F2F45002B05A3 /* bg.jpg */,
				F1A90D3A1F3F153D002B05A3 /* back.jpg */,
				F1A90D381F3F12A6002B05A3 /* Asparagus Sprouts.ttf */,
				F1A90D361F3F047A002B05A3 /* CookieMonster.ttf */,
				F1A90D341F3F016A002B05A3 /* KidsGame.ttf */,
				F1B5E33F1F3DC13300838F40 /* GoogleService-Info.plist */,
				F1B5E3111F3DC07A00838F40 /* AppDelegate.swift */,
				F1B5E3131F3DC07A00838F40 /* ViewController.swift */,
				F1B5E3151F3DC07A00838F40 /* Main.storyboard */,
				F1E5D9D01F48396900580E63 /* youtubeControllerViewController.swift */,
				F1A90D321F3EE051002B05A3 /* TableViewCell.swift */,
				F1B5E3471F3DF57500838F40 /* ViewController2.swift */,
				F1B5E3451F3DE87C00838F40 /* ViewController1.swift */,
				F133FCF01F4727CF00A05094 /* FavController.swift */,
				F133FCF21F472A3600A05094 /* FavTableViewCell.swift */,
				F1B5E3181F3DC07A00838F40 /* Assets.xcassets */,
				F1B5E31A1F3DC07A00838F40 /* LaunchScreen.storyboard */,
				F1B5E31D1F3DC07A00838F40 /* Info.plist */,
				F1E119531F414F7C00459955 /* DesignableUITextField.swift */,
				F1E5D9CE1F47719100580E63 /* ArchiveUtil.swift */,
			);
			path = alzari;
			sourceTree = "<group>";
		};
		F1B5E3251F3DC07A00838F40 /* alzariTests */ = {
			isa = PBXGroup;
			children = (
				F1B5E3261F3DC07A00838F40 /* alzariTests.swift */,
				F1B5E3281F3DC07B00838F40 /* Info.plist */,
			);
			path = alzariTests;
			sourceTree = "<group>";
		};
		F1B5E3301F3DC07B00838F40 /* alzariUITests */ = {
			isa = PBXGroup;
			children = (
				F1B5E3311F3DC07B00838F40 /* alzariUITests.swift */,
				F1B5E3331F3DC07B00838F40 /* Info.plist */,
			);
			path = alzariUITests;
			sourceTree = "<group>";
		};
/* End PBXGroup section */

/* Begin PBXNativeTarget section */
		F1B5E30D1F3DC07A00838F40 /* alzari */ = {
			isa = PBXNativeTarget;
			buildConfigurationList = F1B5E3361F3DC07B00838F40 /* Build configuration list for PBXNativeTarget "alzari" */;
			buildPhases = (
				B21314D1B34D5C6552D7F92F /* [CP] Check Pods Manifest.lock */,
				F1B5E30A1F3DC07A00838F40 /* Sources */,
				F1B5E30B1F3DC07A00838F40 /* Frameworks */,
				F1B5E30C1F3DC07A00838F40 /* Resources */,
				6A36DCFC4C431E5D395FEE32 /* [CP] Embed Pods Frameworks */,
				8DD1B4E3665EC6EA209640EB /* [CP] Copy Pods Resources */,
			);
			buildRules = (
			);
			dependencies = (
			);
			name = alzari;
			productName = alzari;
			productReference = F1B5E30E1F3DC07A00838F40 /* alzari.app */;
			productType = "com.apple.product-type.application";
		};
		F1B5E3211F3DC07A00838F40 /* alzariTests */ = {
			isa = PBXNativeTarget;
			buildConfigurationList = F1B5E3391F3DC07B00838F40 /* Build configuration list for PBXNativeTarget "alzariTests" */;
			buildPhases = (
				E7BFCA8864D87CCEECDDA08C /* [CP] Check Pods Manifest.lock */,
				F1B5E31E1F3DC07A00838F40 /* Sources */,
				F1B5E31F1F3DC07A00838F40 /* Frameworks */,
				F1B5E3201F3DC07A00838F40 /* Resources */,
				532EC3A4C98C5A65E99F51F0 /* [CP] Embed Pods Frameworks */,
				A7033F2F0DD1D413B0B8B82F /* [CP] Copy Pods Resources */,
			);
			buildRules = (
			);
			dependencies = (
				F1B5E3241F3DC07A00838F40 /* PBXTargetDependency */,
			);
			name = alzariTests;
			productName = alzariTests;
			productReference = F1B5E3221F3DC07A00838F40 /* alzariTests.xctest */;
			productType = "com.apple.product-type.bundle.unit-test";
		};
		F1B5E32C1F3DC07B00838F40 /* alzariUITests */ = {
			isa = PBXNativeTarget;
			buildConfigurationList = F1B5E33C1F3DC07B00838F40 /* Build configuration list for PBXNativeTarget "alzariUITests" */;
			buildPhases = (
				0679936C9EC719ACEDAFEEED /* [CP] Check Pods Manifest.lock */,
				F1B5E3291F3DC07B00838F40 /* Sources */,
				F1B5E32A1F3DC07B00838F40 /* Frameworks */,
				F1B5E32B1F3DC07B00838F40 /* Resources */,
				B284B5712E6027DA684F029A /* [CP] Embed Pods Frameworks */,
				5C76ACDEDAD7EE88402D2958 /* [CP] Copy Pods Resources */,
			);
			buildRules = (
			);
			dependencies = (
				F1B5E32F1F3DC07B00838F40 /* PBXTargetDependency */,
			);
			name = alzariUITests;
			productName = alzariUITests;
			productReference = F1B5E32D1F3DC07B00838F40 /* alzariUITests.xctest */;
			productType = "com.apple.product-type.bundle.ui-testing";
		};
/* End PBXNativeTarget section */

/* Begin PBXProject section */
		F1B5E3061F3DC07A00838F40 /* Project object */ = {
			isa = PBXProject;
			attributes = {
				LastSwiftUpdateCheck = 0830;
				LastUpgradeCheck = 0830;
				ORGANIZATIONNAME = AbedMac;
				TargetAttributes = {
					F1B5E30D1F3DC07A00838F40 = {
						CreatedOnToolsVersion = 8.3.3;
						DevelopmentTeam = XJG5EH7JWQ;
						ProvisioningStyle = Automatic;
					};
					F1B5E3211F3DC07A00838F40 = {
						CreatedOnToolsVersion = 8.3.3;
						ProvisioningStyle = Automatic;
						TestTargetID = F1B5E30D1F3DC07A00838F40;
					};
					F1B5E32C1F3DC07B00838F40 = {
						CreatedOnToolsVersion = 8.3.3;
						ProvisioningStyle = Automatic;
						TestTargetID = F1B5E30D1F3DC07A00838F40;
					};
				};
			};
			buildConfigurationList = F1B5E3091F3DC07A00838F40 /* Build configuration list for PBXProject "alzari" */;
			compatibilityVersion = "Xcode 3.2";
			developmentRegion = English;
			hasScannedForEncodings = 0;
			knownRegions = (
				en,
				Base,
			);
			mainGroup = F1B5E3051F3DC07A00838F40;
			productRefGroup = F1B5E30F1F3DC07A00838F40 /* Products */;
			projectDirPath = "";
			projectRoot = "";
			targets = (
				F1B5E30D1F3DC07A00838F40 /* alzari */,
				F1B5E3211F3DC07A00838F40 /* alzariTests */,
				F1B5E32C1F3DC07B00838F40 /* alzariUITests */,
			);
		};
/* End PBXProject section */

/* Begin PBXResourcesBuildPhase section */
		F1B5E30C1F3DC07A00838F40 /* Resources */ = {
			isa = PBXResourcesBuildPhase;
			buildActionMask = 2147483647;
			files = (
				F1A90D3B1F3F153D002B05A3 /* back.jpg in Resources */,
				F1A90D3D1F3F2F45002B05A3 /* bg.jpg in Resources */,
				F1E119581F41540D00459955 /* pass.png in Resources */,
				F1B5E31C1F3DC07A00838F40 /* LaunchScreen.storyboard in Resources */,
				F1A90D391F3F12A6002B05A3 /* Asparagus Sprouts.ttf in Resources */,
				F1E1194C1F40CCC200459955 /* intro1.jpg in Resources */,
				F1B5E3401F3DC13300838F40 /* GoogleService-Info.plist in Resources */,
				F1A90D351F3F016A002B05A3 /* KidsGame.ttf in Resources */,
				F1A90D371F3F047A002B05A3 /* CookieMonster.ttf in Resources */,
				F1E119561F4151BA00459955 /* mother.png in Resources */,
				F1B5E3191F3DC07A00838F40 /* Assets.xcassets in Resources */,
				F1B5E3171F3DC07A00838F40 /* Main.storyboard in Resources */,
			);
			runOnlyForDeploymentPostprocessing = 0;
		};
		F1B5E3201F3DC07A00838F40 /* Resources */ = {
			isa = PBXResourcesBuildPhase;
			buildActionMask = 2147483647;
			files = (
			);
			runOnlyForDeploymentPostprocessing = 0;
		};
		F1B5E32B1F3DC07B00838F40 /* Resources */ = {
			isa = PBXResourcesBuildPhase;
			buildActionMask = 2147483647;
			files = (
			);
			runOnlyForDeploymentPostprocessing = 0;
		};
/* End PBXResourcesBuildPhase section */

/* Begin PBXShellScriptBuildPhase section */
		0679936C9EC719ACEDAFEEED /* [CP] Check Pods Manifest.lock */ = {
			isa = PBXShellScriptBuildPhase;
			buildActionMask = 2147483647;
			files = (
			);
			inputPaths = (
				"${PODS_PODFILE_DIR_PATH}/Podfile.lock",
				"${PODS_ROOT}/Manifest.lock",
			);
			name = "[CP] Check Pods Manifest.lock";
			outputPaths = (
				"$(DERIVED_FILE_DIR)/Pods-alzariUITests-checkManifestLockResult.txt",
			);
			runOnlyForDeploymentPostprocessing = 0;
			shellPath = /bin/sh;
			shellScript = "diff \"${PODS_PODFILE_DIR_PATH}/Podfile.lock\" \"${PODS_ROOT}/Manifest.lock\" > /dev/null\nif [ $? != 0 ] ; then\n    # print error to STDERR\n    echo \"error: The sandbox is not in sync with the Podfile.lock. Run 'pod install' or update your CocoaPods installation.\" >&2\n    exit 1\nfi\n# This output is used by Xcode 'outputs' to avoid re-running this script phase.\necho \"SUCCESS\" > \"${SCRIPT_OUTPUT_FILE_0}\"\n";
			showEnvVarsInLog = 0;
		};
		532EC3A4C98C5A65E99F51F0 /* [CP] Embed Pods Frameworks */ = {
			isa = PBXShellScriptBuildPhase;
			buildActionMask = 2147483647;
			files = (
			);
			inputPaths = (
			);
			name = "[CP] Embed Pods Frameworks";
			outputPaths = (
			);
			runOnlyForDeploymentPostprocessing = 0;
			shellPath = /bin/sh;
			shellScript = "\"${SRCROOT}/Pods/Target Support Files/Pods-alzariTests/Pods-alzariTests-frameworks.sh\"\n";
			showEnvVarsInLog = 0;
		};
		5C76ACDEDAD7EE88402D2958 /* [CP] Copy Pods Resources */ = {
			isa = PBXShellScriptBuildPhase;
			buildActionMask = 2147483647;
			files = (
			);
			inputPaths = (
			);
			name = "[CP] Copy Pods Resources";
			outputPaths = (
			);
			runOnlyForDeploymentPostprocessing = 0;
			shellPath = /bin/sh;
			shellScript = "\"${SRCROOT}/Pods/Target Support Files/Pods-alzariUITests/Pods-alzariUITests-resources.sh\"\n";
			showEnvVarsInLog = 0;
		};
		6A36DCFC4C431E5D395FEE32 /* [CP] Embed Pods Frameworks */ = {
			isa = PBXShellScriptBuildPhase;
			buildActionMask = 2147483647;
			files = (
			);
			inputPaths = (
				"${SRCROOT}/Pods/Target Support Files/Pods-alzari/Pods-alzari-frameworks.sh",
				"${BUILT_PRODUCTS_DIR}/GTMSessionFetcher/GTMSessionFetcher.framework",
				"${BUILT_PRODUCTS_DIR}/GoogleToolboxForMac/GoogleToolboxForMac.framework",
				"${BUILT_PRODUCTS_DIR}/SDWebImage/SDWebImage.framework",
				"${BUILT_PRODUCTS_DIR}/TransitionButton/TransitionButton.framework",
				"${BUILT_PRODUCTS_DIR}/nanopb/nanopb.framework",
				"${BUILT_PRODUCTS_DIR}/youtube-ios-player-helper/youtube_ios_player_helper.framework",
			);
			name = "[CP] Embed Pods Frameworks";
			outputPaths = (
				"${TARGET_BUILD_DIR}/${FRAMEWORKS_FOLDER_PATH}/GTMSessionFetcher.framework",
				"${TARGET_BUILD_DIR}/${FRAMEWORKS_FOLDER_PATH}/GoogleToolboxForMac.framework",
				"${TARGET_BUILD_DIR}/${FRAMEWORKS_FOLDER_PATH}/SDWebImage.framework",
				"${TARGET_BUILD_DIR}/${FRAMEWORKS_FOLDER_PATH}/TransitionButton.framework",
				"${TARGET_BUILD_DIR}/${FRAMEWORKS_FOLDER_PATH}/nanopb.framework",
				"${TARGET_BUILD_DIR}/${FRAMEWORKS_FOLDER_PATH}/youtube_ios_player_helper.framework",
			);
			runOnlyForDeploymentPostprocessing = 0;
			shellPath = /bin/sh;
			shellScript = "\"${SRCROOT}/Pods/Target Support Files/Pods-alzari/Pods-alzari-frameworks.sh\"\n";
			showEnvVarsInLog = 0;
		};
		8DD1B4E3665EC6EA209640EB /* [CP] Copy Pods Resources */ = {
			isa = PBXShellScriptBuildPhase;
			buildActionMask = 2147483647;
			files = (
			);
			inputPaths = (
			);
			name = "[CP] Copy Pods Resources";
			outputPaths = (
			);
			runOnlyForDeploymentPostprocessing = 0;
			shellPath = /bin/sh;
			shellScript = "\"${SRCROOT}/Pods/Target Support Files/Pods-alzari/Pods-alzari-resources.sh\"\n";
			showEnvVarsInLog = 0;
		};
		A7033F2F0DD1D413B0B8B82F /* [CP] Copy Pods Resources */ = {
			isa = PBXShellScriptBuildPhase;
			buildActionMask = 2147483647;
			files = (
			);
			inputPaths = (
			);
			name = "[CP] Copy Pods Resources";
			outputPaths = (
			);
			runOnlyForDeploymentPostprocessing = 0;
			shellPath = /bin/sh;
			shellScript = "\"${SRCROOT}/Pods/Target Support Files/Pods-alzariTests/Pods-alzariTests-resources.sh\"\n";
			showEnvVarsInLog = 0;
		};
		B21314D1B34D5C6552D7F92F /* [CP] Check Pods Manifest.lock */ = {
			isa = PBXShellScriptBuildPhase;
			buildActionMask = 2147483647;
			files = (
			);
			inputPaths = (
				"${PODS_PODFILE_DIR_PATH}/Podfile.lock",
				"${PODS_ROOT}/Manifest.lock",
			);
			name = "[CP] Check Pods Manifest.lock";
			outputPaths = (
				"$(DERIVED_FILE_DIR)/Pods-alzari-checkManifestLockResult.txt",
			);
			runOnlyForDeploymentPostprocessing = 0;
			shellPath = /bin/sh;
			shellScript = "diff \"${PODS_PODFILE_DIR_PATH}/Podfile.lock\" \"${PODS_ROOT}/Manifest.lock\" > /dev/null\nif [ $? != 0 ] ; then\n    # print error to STDERR\n    echo \"error: The sandbox is not in sync with the Podfile.lock. Run 'pod install' or update your CocoaPods installation.\" >&2\n    exit 1\nfi\n# This output is used by Xcode 'outputs' to avoid re-running this script phase.\necho \"SUCCESS\" > \"${SCRIPT_OUTPUT_FILE_0}\"\n";
			showEnvVarsInLog = 0;
		};
		B284B5712E6027DA684F029A /* [CP] Embed Pods Frameworks */ = {
			isa = PBXShellScriptBuildPhase;
			buildActionMask = 2147483647;
			files = (
			);
			inputPaths = (
			);
			name = "[CP] Embed Pods Frameworks";
			outputPaths = (
			);
			runOnlyForDeploymentPostprocessing = 0;
			shellPath = /bin/sh;
			shellScript = "\"${SRCROOT}/Pods/Target Support Files/Pods-alzariUITests/Pods-alzariUITests-frameworks.sh\"\n";
			showEnvVarsInLog = 0;
		};
		E7BFCA8864D87CCEECDDA08C /* [CP] Check Pods Manifest.lock */ = {
			isa = PBXShellScriptBuildPhase;
			buildActionMask = 2147483647;
			files = (
			);
			inputPaths = (
				"${PODS_PODFILE_DIR_PATH}/Podfile.lock",
				"${PODS_ROOT}/Manifest.lock",
			);
			name = "[CP] Check Pods Manifest.lock";
			outputPaths = (
				"$(DERIVED_FILE_DIR)/Pods-alzariTests-checkManifestLockResult.txt",
			);
			runOnlyForDeploymentPostprocessing = 0;
			shellPath = /bin/sh;
			shellScript = "diff \"${PODS_PODFILE_DIR_PATH}/Podfile.lock\" \"${PODS_ROOT}/Manifest.lock\" > /dev/null\nif [ $? != 0 ] ; then\n    # print error to STDERR\n    echo \"error: The sandbox is not in sync with the Podfile.lock. Run 'pod install' or update your CocoaPods installation.\" >&2\n    exit 1\nfi\n# This output is used by Xcode 'outputs' to avoid re-running this script phase.\necho \"SUCCESS\" > \"${SCRIPT_OUTPUT_FILE_0}\"\n";
			showEnvVarsInLog = 0;
		};
/* End PBXShellScriptBuildPhase section */

/* Begin PBXSourcesBuildPhase section */
		F1B5E30A1F3DC07A00838F40 /* Sources */ = {
			isa = PBXSourcesBuildPhase;
			buildActionMask = 2147483647;
			files = (
				F1A90D331F3EE051002B05A3 /* TableViewCell.swift in Sources */,
				F1E5D9CF1F47719100580E63 /* ArchiveUtil.swift in Sources */,
				F1B5E3461F3DE87C00838F40 /* ViewController1.swift in Sources */,
				F1B5E3481F3DF57500838F40 /* ViewController2.swift in Sources */,
				F1E5D9D11F48396900580E63 /* youtubeControllerViewController.swift in Sources */,
				F1E119541F414F7C00459955 /* DesignableUITextField.swift in Sources */,
				F1B5E3141F3DC07A00838F40 /* ViewController.swift in Sources */,
				F133FCEF1F470BDC00A05094 /* Video.swift in Sources */,
				F133FCF11F4727CF00A05094 /* FavController.swift in Sources */,
				F1B5E3121F3DC07A00838F40 /* AppDelegate.swift in Sources */,
				F1E1195B1F47077C00459955 /* myWifi.swift in Sources */,
				F133FCF31F472A3600A05094 /* FavTableViewCell.swift in Sources */,
			);
			runOnlyForDeploymentPostprocessing = 0;
		};
		F1B5E31E1F3DC07A00838F40 /* Sources */ = {
			isa = PBXSourcesBuildPhase;
			buildActionMask = 2147483647;
			files = (
				F1B5E3271F3DC07A00838F40 /* alzariTests.swift in Sources */,
			);
			runOnlyForDeploymentPostprocessing = 0;
		};
		F1B5E3291F3DC07B00838F40 /* Sources */ = {
			isa = PBXSourcesBuildPhase;
			buildActionMask = 2147483647;
			files = (
				F1B5E3321F3DC07B00838F40 /* alzariUITests.swift in Sources */,
			);
			runOnlyForDeploymentPostprocessing = 0;
		};
/* End PBXSourcesBuildPhase section */

/* Begin PBXTargetDependency section */
		F1B5E3241F3DC07A00838F40 /* PBXTargetDependency */ = {
			isa = PBXTargetDependency;
			target = F1B5E30D1F3DC07A00838F40 /* alzari */;
			targetProxy = F1B5E3231F3DC07A00838F40 /* PBXContainerItemProxy */;
		};
		F1B5E32F1F3DC07B00838F40 /* PBXTargetDependency */ = {
			isa = PBXTargetDependency;
			target = F1B5E30D1F3DC07A00838F40 /* alzari */;
			targetProxy = F1B5E32E1F3DC07B00838F40 /* PBXContainerItemProxy */;
		};
/* End PBXTargetDependency section */

/* Begin PBXVariantGroup section */
		F1B5E3151F3DC07A00838F40 /* Main.storyboard */ = {
			isa = PBXVariantGroup;
			children = (
				F1B5E3161F3DC07A00838F40 /* Base */,
			);
			name = Main.storyboard;
			sourceTree = "<group>";
		};
		F1B5E31A1F3DC07A00838F40 /* LaunchScreen.storyboard */ = {
			isa = PBXVariantGroup;
			children = (
				F1B5E31B1F3DC07A00838F40 /* Base */,
			);
			name = LaunchScreen.storyboard;
			sourceTree = "<group>";
		};
/* End PBXVariantGroup section */

/* Begin XCBuildConfiguration section */
		F1B5E3341F3DC07B00838F40 /* Debug */ = {
			isa = XCBuildConfiguration;
			buildSettings = {
				ALWAYS_SEARCH_USER_PATHS = NO;
				CLANG_ANALYZER_NONNULL = YES;
				CLANG_ANALYZER_NUMBER_OBJECT_CONVERSION = YES_AGGRESSIVE;
				CLANG_CXX_LANGUAGE_STANDARD = "gnu++0x";
				CLANG_CXX_LIBRARY = "libc++";
				CLANG_ENABLE_MODULES = YES;
				CLANG_ENABLE_OBJC_ARC = YES;
				CLANG_WARN_BOOL_CONVERSION = YES;
				CLANG_WARN_CONSTANT_CONVERSION = YES;
				CLANG_WARN_DIRECT_OBJC_ISA_USAGE = YES_ERROR;
				CLANG_WARN_DOCUMENTATION_COMMENTS = YES;
				CLANG_WARN_EMPTY_BODY = YES;
				CLANG_WARN_ENUM_CONVERSION = YES;
				CLANG_WARN_INFINITE_RECURSION = YES;
				CLANG_WARN_INT_CONVERSION = YES;
				CLANG_WARN_OBJC_ROOT_CLASS = YES_ERROR;
				CLANG_WARN_SUSPICIOUS_MOVE = YES;
				CLANG_WARN_UNREACHABLE_CODE = YES;
				CLANG_WARN__DUPLICATE_METHOD_MATCH = YES;
				"CODE_SIGN_IDENTITY[sdk=iphoneos*]" = "iPhone Developer";
				COPY_PHASE_STRIP = NO;
				DEBUG_INFORMATION_FORMAT = dwarf;
				ENABLE_STRICT_OBJC_MSGSEND = YES;
				ENABLE_TESTABILITY = YES;
				GCC_C_LANGUAGE_STANDARD = gnu99;
				GCC_DYNAMIC_NO_PIC = NO;
				GCC_NO_COMMON_BLOCKS = YES;
				GCC_OPTIMIZATION_LEVEL = 0;
				GCC_PREPROCESSOR_DEFINITIONS = (
					"DEBUG=1",
					"$(inherited)",
				);
				GCC_WARN_64_TO_32_BIT_CONVERSION = YES;
				GCC_WARN_ABOUT_RETURN_TYPE = YES_ERROR;
				GCC_WARN_UNDECLARED_SELECTOR = YES;
				GCC_WARN_UNINITIALIZED_AUTOS = YES_AGGRESSIVE;
				GCC_WARN_UNUSED_FUNCTION = YES;
				GCC_WARN_UNUSED_VARIABLE = YES;
				IPHONEOS_DEPLOYMENT_TARGET = 10.3;
				MTL_ENABLE_DEBUG_INFO = YES;
				ONLY_ACTIVE_ARCH = YES;
				SDKROOT = iphoneos;
				SWIFT_ACTIVE_COMPILATION_CONDITIONS = DEBUG;
				SWIFT_OPTIMIZATION_LEVEL = "-Onone";
				TARGETED_DEVICE_FAMILY = "1,2";
			};
			name = Debug;
		};
		F1B5E3351F3DC07B00838F40 /* Release */ = {
			isa = XCBuildConfiguration;
			buildSettings = {
				ALWAYS_SEARCH_USER_PATHS = NO;
				CLANG_ANALYZER_NONNULL = YES;
				CLANG_ANALYZER_NUMBER_OBJECT_CONVERSION = YES_AGGRESSIVE;
				CLANG_CXX_LANGUAGE_STANDARD = "gnu++0x";
				CLANG_CXX_LIBRARY = "libc++";
				CLANG_ENABLE_MODULES = YES;
				CLANG_ENABLE_OBJC_ARC = YES;
				CLANG_WARN_BOOL_CONVERSION = YES;
				CLANG_WARN_CONSTANT_CONVERSION = YES;
				CLANG_WARN_DIRECT_OBJC_ISA_USAGE = YES_ERROR;
				CLANG_WARN_DOCUMENTATION_COMMENTS = YES;
				CLANG_WARN_EMPTY_BODY = YES;
				CLANG_WARN_ENUM_CONVERSION = YES;
				CLANG_WARN_INFINITE_RECURSION = YES;
				CLANG_WARN_INT_CONVERSION = YES;
				CLANG_WARN_OBJC_ROOT_CLASS = YES_ERROR;
				CLANG_WARN_SUSPICIOUS_MOVE = YES;
				CLANG_WARN_UNREACHABLE_CODE = YES;
				CLANG_WARN__DUPLICATE_METHOD_MATCH = YES;
				"CODE_SIGN_IDENTITY[sdk=iphoneos*]" = "iPhone Developer";
				COPY_PHASE_STRIP = NO;
				DEBUG_INFORMATION_FORMAT = "dwarf-with-dsym";
				ENABLE_NS_ASSERTIONS = NO;
				ENABLE_STRICT_OBJC_MSGSEND = YES;
				GCC_C_LANGUAGE_STANDARD = gnu99;
				GCC_NO_COMMON_BLOCKS = YES;
				GCC_WARN_64_TO_32_BIT_CONVERSION = YES;
				GCC_WARN_ABOUT_RETURN_TYPE = YES_ERROR;
				GCC_WARN_UNDECLARED_SELECTOR = YES;
				GCC_WARN_UNINITIALIZED_AUTOS = YES_AGGRESSIVE;
				GCC_WARN_UNUSED_FUNCTION = YES;
				GCC_WARN_UNUSED_VARIABLE = YES;
				IPHONEOS_DEPLOYMENT_TARGET = 10.3;
				MTL_ENABLE_DEBUG_INFO = NO;
				SDKROOT = iphoneos;
				SWIFT_OPTIMIZATION_LEVEL = "-Owholemodule";
				TARGETED_DEVICE_FAMILY = "1,2";
				VALIDATE_PRODUCT = YES;
			};
			name = Release;
		};
		F1B5E3371F3DC07B00838F40 /* Debug */ = {
			isa = XCBuildConfiguration;
			baseConfigurationReference = E13868ED6D4DD70BE9BD5DB3 /* Pods-alzari.debug.xcconfig */;
			buildSettings = {
				ASSETCATALOG_COMPILER_APPICON_NAME = AppIcon;
				DEVELOPMENT_TEAM = XJG5EH7JWQ;
				INFOPLIST_FILE = alzari/Info.plist;
				LD_RUNPATH_SEARCH_PATHS = "$(inherited) @executable_path/Frameworks";
				PRODUCT_BUNDLE_IDENTIFIER = Albanna.alzari;
				PRODUCT_NAME = "$(TARGET_NAME)";
				SWIFT_VERSION = 3.0;
			};
			name = Debug;
		};
		F1B5E3381F3DC07B00838F40 /* Release */ = {
			isa = XCBuildConfiguration;
			baseConfigurationReference = D33FB063855F9AFB05E90BE2 /* Pods-alzari.release.xcconfig */;
			buildSettings = {
				ASSETCATALOG_COMPILER_APPICON_NAME = AppIcon;
				DEVELOPMENT_TEAM = XJG5EH7JWQ;
				INFOPLIST_FILE = alzari/Info.plist;
				LD_RUNPATH_SEARCH_PATHS = "$(inherited) @executable_path/Frameworks";
				PRODUCT_BUNDLE_IDENTIFIER = Albanna.alzari;
				PRODUCT_NAME = "$(TARGET_NAME)";
				SWIFT_VERSION = 3.0;
			};
			name = Release;
		};
		F1B5E33A1F3DC07B00838F40 /* Debug */ = {
			isa = XCBuildConfiguration;
			baseConfigurationReference = 264DC91D7F50A5D25B59CC4D /* Pods-alzariTests.debug.xcconfig */;
			buildSettings = {
				ALWAYS_EMBED_SWIFT_STANDARD_LIBRARIES = YES;
				BUNDLE_LOADER = "$(TEST_HOST)";
				INFOPLIST_FILE = alzariTests/Info.plist;
				LD_RUNPATH_SEARCH_PATHS = "$(inherited) @executable_path/Frameworks @loader_path/Frameworks";
				PRODUCT_BUNDLE_IDENTIFIER = Albanna.alzariTests;
				PRODUCT_NAME = "$(TARGET_NAME)";
				SWIFT_VERSION = 3.0;
				TEST_HOST = "$(BUILT_PRODUCTS_DIR)/alzari.app/alzari";
			};
			name = Debug;
		};
		F1B5E33B1F3DC07B00838F40 /* Release */ = {
			isa = XCBuildConfiguration;
			baseConfigurationReference = 77D1F8646BA3A68923E0736D /* Pods-alzariTests.release.xcconfig */;
			buildSettings = {
				ALWAYS_EMBED_SWIFT_STANDARD_LIBRARIES = YES;
				BUNDLE_LOADER = "$(TEST_HOST)";
				INFOPLIST_FILE = alzariTests/Info.plist;
				LD_RUNPATH_SEARCH_PATHS = "$(inherited) @executable_path/Frameworks @loader_path/Frameworks";
				PRODUCT_BUNDLE_IDENTIFIER = Albanna.alzariTests;
				PRODUCT_NAME = "$(TARGET_NAME)";
				SWIFT_VERSION = 3.0;
				TEST_HOST = "$(BUILT_PRODUCTS_DIR)/alzari.app/alzari";
			};
			name = Release;
		};
		F1B5E33D1F3DC07B00838F40 /* Debug */ = {
			isa = XCBuildConfiguration;
			baseConfigurationReference = 74C9EA0E2BDAF74F8E380932 /* Pods-alzariUITests.debug.xcconfig */;
			buildSettings = {
				ALWAYS_EMBED_SWIFT_STANDARD_LIBRARIES = YES;
				INFOPLIST_FILE = alzariUITests/Info.plist;
				LD_RUNPATH_SEARCH_PATHS = "$(inherited) @executable_path/Frameworks @loader_path/Frameworks";
				PRODUCT_BUNDLE_IDENTIFIER = Albanna.alzariUITests;
				PRODUCT_NAME = "$(TARGET_NAME)";
				SWIFT_VERSION = 3.0;
				TEST_TARGET_NAME = alzari;
			};
			name = Debug;
		};
		F1B5E33E1F3DC07B00838F40 /* Release */ = {
			isa = XCBuildConfiguration;
			baseConfigurationReference = 6B9B4513A98F595FA3CE1852 /* Pods-alzariUITests.release.xcconfig */;
			buildSettings = {
				ALWAYS_EMBED_SWIFT_STANDARD_LIBRARIES = YES;
				INFOPLIST_FILE = alzariUITests/Info.plist;
				LD_RUNPATH_SEARCH_PATHS = "$(inherited) @executable_path/Frameworks @loader_path/Frameworks";
				PRODUCT_BUNDLE_IDENTIFIER = Albanna.alzariUITests;
				PRODUCT_NAME = "$(TARGET_NAME)";
				SWIFT_VERSION = 3.0;
				TEST_TARGET_NAME = alzari;
			};
			name = Release;
		};
/* End XCBuildConfiguration section */

/* Begin XCConfigurationList section */
		F1B5E3091F3DC07A00838F40 /* Build configuration list for PBXProject "alzari" */ = {
			isa = XCConfigurationList;
			buildConfigurations = (
				F1B5E3341F3DC07B00838F40 /* Debug */,
				F1B5E3351F3DC07B00838F40 /* Release */,
			);
			defaultConfigurationIsVisible = 0;
			defaultConfigurationName = Release;
		};
		F1B5E3361F3DC07B00838F40 /* Build configuration list for PBXNativeTarget "alzari" */ = {
			isa = XCConfigurationList;
			buildConfigurations = (
				F1B5E3371F3DC07B00838F40 /* Debug */,
				F1B5E3381F3DC07B00838F40 /* Release */,
			);
			defaultConfigurationIsVisible = 0;
			defaultConfigurationName = Release;
		};
		F1B5E3391F3DC07B00838F40 /* Build configuration list for PBXNativeTarget "alzariTests" */ = {
			isa = XCConfigurationList;
			buildConfigurations = (
				F1B5E33A1F3DC07B00838F40 /* Debug */,
				F1B5E33B1F3DC07B00838F40 /* Release */,
			);
			defaultConfigurationIsVisible = 0;
			defaultConfigurationName = Release;
		};
		F1B5E33C1F3DC07B00838F40 /* Build configuration list for PBXNativeTarget "alzariUITests" */ = {
			isa = XCConfigurationList;
			buildConfigurations = (
				F1B5E33D1F3DC07B00838F40 /* Debug */,
				F1B5E33E1F3DC07B00838F40 /* Release */,
			);
			defaultConfigurationIsVisible = 0;
			defaultConfigurationName = Release;
		};
/* End XCConfigurationList section */
	};
	rootObject = F1B5E3061F3DC07A00838F40 /* Project object */;
}
